
Microsoft Visual Studio Solution File, Format Version 12.00
# Visual Studio Version 17
VisualStudioVersion = 17.9.34622.214
MinimumVisualStudioVersion = 10.0.40219.1
Project("{FAE04EC0-301F-11D3-BF4B-00C04F79EFBC}") = "TypesAndVariables", "TypesAndVariables\TypesAndVariables.csproj", "{ADC9601E-1E9F-4F9F-ABC9-7C845E7CFF2C}"
EndProject
Global
	GlobalSection(SolutionConfigurationPlatforms) = preSolution
		Debug|Any CPU = Debug|Any CPU
		Release|Any CPU = Release|Any CPU
	EndGlobalSection
	GlobalSection(ProjectConfigurationPlatforms) = postSolution
		{ADC9601E-1E9F-4F9F-ABC9-7C845E7CFF2C}.Debug|Any CPU.ActiveCfg = Debug|Any CPU
		{ADC9601E-1E9F-4F9F-ABC9-7C845E7CFF2C}.Debug|Any CPU.Build.0 = Debug|Any CPU
		{ADC9601E-1E9F-4F9F-ABC9-7C845E7CFF2C}.Release|Any CPU.ActiveCfg = Release|Any CPU
		{ADC9601E-1E9F-4F9F-ABC9-7C845E7CFF2C}.Release|Any CPU.Build.0 = Release|Any CPU
	EndGlobalSection
	GlobalSection(SolutionProperties) = preSolution
		HideSolutionNode = FALSE
	EndGlobalSection
	GlobalSection(ExtensibilityGlobals) = postSolution
		SolutionGuid = {0718EABD-23F2-40C4-96DC-4FC4EFAFB3C8}
	EndGlobalSection
EndGlobal
